
Microsoft Visual Studio Solution File, Format Version 12.00
# Visual Studio Version 17
VisualStudioVersion = 17.0.31903.59
MinimumVisualStudioVersion = 10.0.40219.1
Project("{FAE04EC0-301F-11D3-BF4B-00C04F79EFBC}") = "API", "API\API.csproj", "{85DC7BD5-6160-40A0-8C4B-D42631981511}"
EndProject
Project("{FAE04EC0-301F-11D3-BF4B-00C04F79EFBC}") = "Core", "Core\Core.csproj", "{B77C0160-1D29-4443-9267-D785AA5686B9}"
EndProject
Project("{FAE04EC0-301F-11D3-BF4B-00C04F79EFBC}") = "Infrastructure", "Infrastructure\Infrastructure.csproj", "{6D9246A0-9171-4923-AD8C-CF596E2CEE8A}"
EndProject
Global
	GlobalSection(SolutionConfigurationPlatforms) = preSolution
		Debug|Any CPU = Debug|Any CPU
		Release|Any CPU = Release|Any CPU
	EndGlobalSection
	GlobalSection(SolutionProperties) = preSolution
		HideSolutionNode = FALSE
	EndGlobalSection
	GlobalSection(ProjectConfigurationPlatforms) = postSolution
		{85DC7BD5-6160-40A0-8C4B-D42631981511}.Debug|Any CPU.ActiveCfg = Debug|Any CPU
		{85DC7BD5-6160-40A0-8C4B-D42631981511}.Debug|Any CPU.Build.0 = Debug|Any CPU
		{85DC7BD5-6160-40A0-8C4B-D42631981511}.Release|Any CPU.ActiveCfg = Release|Any CPU
		{85DC7BD5-6160-40A0-8C4B-D42631981511}.Release|Any CPU.Build.0 = Release|Any CPU
		{B77C0160-1D29-4443-9267-D785AA5686B9}.Debug|Any CPU.ActiveCfg = Debug|Any CPU
		{B77C0160-1D29-4443-9267-D785AA5686B9}.Debug|Any CPU.Build.0 = Debug|Any CPU
		{B77C0160-1D29-4443-9267-D785AA5686B9}.Release|Any CPU.ActiveCfg = Release|Any CPU
		{B77C0160-1D29-4443-9267-D785AA5686B9}.Release|Any CPU.Build.0 = Release|Any CPU
		{6D9246A0-9171-4923-AD8C-CF596E2CEE8A}.Debug|Any CPU.ActiveCfg = Debug|Any CPU
		{6D9246A0-9171-4923-AD8C-CF596E2CEE8A}.Debug|Any CPU.Build.0 = Debug|Any CPU
		{6D9246A0-9171-4923-AD8C-CF596E2CEE8A}.Release|Any CPU.ActiveCfg = Release|Any CPU
		{6D9246A0-9171-4923-AD8C-CF596E2CEE8A}.Release|Any CPU.Build.0 = Release|Any CPU
	EndGlobalSection
EndGlobal
